
Microsoft Visual Studio Solution File, Format Version 12.00
# Visual Studio Version 17
VisualStudioVersion = 17.4.33110.190
MinimumVisualStudioVersion = 10.0.40219.1
Project("{FAE04EC0-301F-11D3-BF4B-00C04F79EFBC}") = "CustomLoggerLib", "CustomLoggerLib\CustomLoggerLib.csproj", "{6DE03F71-2057-4EEE-AA68-34E6B61310C8}"
EndProject
Project("{FAE04EC0-301F-11D3-BF4B-00C04F79EFBC}") = "LoggerConsole", "LoggerConsole\LoggerConsole.csproj", "{9427E963-1DB5-495E-AA8D-87D8D881D78F}"
EndProject
Global
	GlobalSection(SolutionConfigurationPlatforms) = preSolution
		Debug|Any CPU = Debug|Any CPU
		Release|Any CPU = Release|Any CPU
	EndGlobalSection
	GlobalSection(ProjectConfigurationPlatforms) = postSolution
		{6DE03F71-2057-4EEE-AA68-34E6B61310C8}.Debug|Any CPU.ActiveCfg = Debug|Any CPU
		{6DE03F71-2057-4EEE-AA68-34E6B61310C8}.Debug|Any CPU.Build.0 = Debug|Any CPU
		{6DE03F71-2057-4EEE-AA68-34E6B61310C8}.Release|Any CPU.ActiveCfg = Release|Any CPU
		{6DE03F71-2057-4EEE-AA68-34E6B61310C8}.Release|Any CPU.Build.0 = Release|Any CPU
		{9427E963-1DB5-495E-AA8D-87D8D881D78F}.Debug|Any CPU.ActiveCfg = Debug|Any CPU
		{9427E963-1DB5-495E-AA8D-87D8D881D78F}.Debug|Any CPU.Build.0 = Debug|Any CPU
		{9427E963-1DB5-495E-AA8D-87D8D881D78F}.Release|Any CPU.ActiveCfg = Release|Any CPU
		{9427E963-1DB5-495E-AA8D-87D8D881D78F}.Release|Any CPU.Build.0 = Release|Any CPU
	EndGlobalSection
	GlobalSection(SolutionProperties) = preSolution
		HideSolutionNode = FALSE
	EndGlobalSection
	GlobalSection(ExtensibilityGlobals) = postSolution
		SolutionGuid = {A8AA6700-3B1E-4D0A-BFFD-6D1F6648E0E7}
	EndGlobalSection
EndGlobal
